
Microsoft Visual Studio Solution File, Format Version 12.00
# Visual Studio Version 17
VisualStudioVersion = 17.5.33424.131
MinimumVisualStudioVersion = 10.0.40219.1
Project("{9A19103F-16F7-4668-BE54-9A1E7A4F7556}") = "EthicAI", "EthicAI\EthicAI.csproj", "{A5552918-CE00-46BB-B83E-373668C869D0}"
EndProject
Project("{9A19103F-16F7-4668-BE54-9A1E7A4F7556}") = "BLL", "Businnes\BLL.csproj", "{4503A218-1256-4920-B8A9-0CEA571A79ED}"
EndProject
Project("{9A19103F-16F7-4668-BE54-9A1E7A4F7556}") = "DAL", "DAL\DAL.csproj", "{3CA5304E-82DE-47DC-90CF-44D265B84000}"
EndProject
Project("{9A19103F-16F7-4668-BE54-9A1E7A4F7556}") = "EthicAI.test", "EthicAI.test\EthicAI.test.csproj", "{3BAEF8B1-AE95-49C2-8398-9AAA0123D817}"
EndProject
Project("{2150E333-8FDC-42A3-9474-1A3956D46DE8}") = "Itens de Solução", "Itens de Solução", "{2FAA07E1-EC05-4A5E-A971-97BCF0E64689}"
	ProjectSection(SolutionItems) = preProject
		appsettings.Production.json = appsettings.Production.json
		Dockerfile = Dockerfile
	EndProjectSection
EndProject
Project("{9A19103F-16F7-4668-BE54-9A1E7A4F7556}") = "CriptoVersus.Web", "CriptoVersus\CriptoVersus.Web.csproj", "{F357F1FE-B6BB-496D-BCBF-391BC75AD835}"
EndProject
Project("{9A19103F-16F7-4668-BE54-9A1E7A4F7556}") = "CriptoVersus.Worker", "CriptoVersus.Worker\CriptoVersus.Worker.csproj", "{BBD9F5F8-1D03-429A-B3D4-1901793C9518}"
EndProject
Project("{9A19103F-16F7-4668-BE54-9A1E7A4F7556}") = "CriptoVersus.API", "CriptoVersus.API\CriptoVersus.API.csproj", "{91E2836A-14FE-414B-A922-975B6B7C16D9}"
EndProject
Project("{9A19103F-16F7-4668-BE54-9A1E7A4F7556}") = "DTOs", "DTOs\DTOs.csproj", "{0569373B-F6E6-4ACE-977F-206591829BEE}"
EndProject
Global
	GlobalSection(SolutionConfigurationPlatforms) = preSolution
		Debug|Any CPU = Debug|Any CPU
		Release|Any CPU = Release|Any CPU
	EndGlobalSection
	GlobalSection(ProjectConfigurationPlatforms) = postSolution
		{A5552918-CE00-46BB-B83E-373668C869D0}.Debug|Any CPU.ActiveCfg = Debug|Any CPU
		{A5552918-CE00-46BB-B83E-373668C869D0}.Debug|Any CPU.Build.0 = Debug|Any CPU
		{A5552918-CE00-46BB-B83E-373668C869D0}.Release|Any CPU.ActiveCfg = Release|Any CPU
		{A5552918-CE00-46BB-B83E-373668C869D0}.Release|Any CPU.Build.0 = Release|Any CPU
		{4503A218-1256-4920-B8A9-0CEA571A79ED}.Debug|Any CPU.ActiveCfg = Debug|Any CPU
		{4503A218-1256-4920-B8A9-0CEA571A79ED}.Debug|Any CPU.Build.0 = Debug|Any CPU
		{4503A218-1256-4920-B8A9-0CEA571A79ED}.Release|Any CPU.ActiveCfg = Release|Any CPU
		{4503A218-1256-4920-B8A9-0CEA571A79ED}.Release|Any CPU.Build.0 = Release|Any CPU
		{3CA5304E-82DE-47DC-90CF-44D265B84000}.Debug|Any CPU.ActiveCfg = Debug|Any CPU
		{3CA5304E-82DE-47DC-90CF-44D265B84000}.Debug|Any CPU.Build.0 = Debug|Any CPU
		{3CA5304E-82DE-47DC-90CF-44D265B84000}.Release|Any CPU.ActiveCfg = Release|Any CPU
		{3CA5304E-82DE-47DC-90CF-44D265B84000}.Release|Any CPU.Build.0 = Release|Any CPU
		{3BAEF8B1-AE95-49C2-8398-9AAA0123D817}.Debug|Any CPU.ActiveCfg = Debug|Any CPU
		{3BAEF8B1-AE95-49C2-8398-9AAA0123D817}.Debug|Any CPU.Build.0 = Debug|Any CPU
		{3BAEF8B1-AE95-49C2-8398-9AAA0123D817}.Release|Any CPU.ActiveCfg = Release|Any CPU
		{3BAEF8B1-AE95-49C2-8398-9AAA0123D817}.Release|Any CPU.Build.0 = Release|Any CPU
		{F357F1FE-B6BB-496D-BCBF-391BC75AD835}.Debug|Any CPU.ActiveCfg = Debug|Any CPU
		{F357F1FE-B6BB-496D-BCBF-391BC75AD835}.Debug|Any CPU.Build.0 = Debug|Any CPU
		{F357F1FE-B6BB-496D-BCBF-391BC75AD835}.Release|Any CPU.ActiveCfg = Release|Any CPU
		{F357F1FE-B6BB-496D-BCBF-391BC75AD835}.Release|Any CPU.Build.0 = Release|Any CPU
		{BBD9F5F8-1D03-429A-B3D4-1901793C9518}.Debug|Any CPU.ActiveCfg = Debug|Any CPU
		{BBD9F5F8-1D03-429A-B3D4-1901793C9518}.Debug|Any CPU.Build.0 = Debug|Any CPU
		{BBD9F5F8-1D03-429A-B3D4-1901793C9518}.Release|Any CPU.ActiveCfg = Release|Any CPU
		{BBD9F5F8-1D03-429A-B3D4-1901793C9518}.Release|Any CPU.Build.0 = Release|Any CPU
		{91E2836A-14FE-414B-A922-975B6B7C16D9}.Debug|Any CPU.ActiveCfg = Debug|Any CPU
		{91E2836A-14FE-414B-A922-975B6B7C16D9}.Debug|Any CPU.Build.0 = Debug|Any CPU
		{91E2836A-14FE-414B-A922-975B6B7C16D9}.Release|Any CPU.ActiveCfg = Release|Any CPU
		{91E2836A-14FE-414B-A922-975B6B7C16D9}.Release|Any CPU.Build.0 = Release|Any CPU
		{0569373B-F6E6-4ACE-977F-206591829BEE}.Debug|Any CPU.ActiveCfg = Debug|Any CPU
		{0569373B-F6E6-4ACE-977F-206591829BEE}.Debug|Any CPU.Build.0 = Debug|Any CPU
		{0569373B-F6E6-4ACE-977F-206591829BEE}.Release|Any CPU.ActiveCfg = Release|Any CPU
		{0569373B-F6E6-4ACE-977F-206591829BEE}.Release|Any CPU.Build.0 = Release|Any CPU
	EndGlobalSection
	GlobalSection(SolutionProperties) = preSolution
		HideSolutionNode = FALSE
	EndGlobalSection
	GlobalSection(ExtensibilityGlobals) = postSolution
		SolutionGuid = {F5BC44D3-BB1D-46FC-B586-2C127AF23860}
	EndGlobalSection
EndGlobal
