
Microsoft Visual Studio Solution File, Format Version 12.00
# Visual Studio Version 17
VisualStudioVersion = 17.5.33424.131
MinimumVisualStudioVersion = 10.0.40219.1
Project("{9A19103F-16F7-4668-BE54-9A1E7A4F7556}") = "EthicAI", "EthicAI\EthicAI.csproj", "{A5552918-CE00-46BB-B83E-373668C869D0}"
EndProject
Project("{9A19103F-16F7-4668-BE54-9A1E7A4F7556}") = "BLL", "Businnes\BLL.csproj", "{4503A218-1256-4920-B8A9-0CEA571A79ED}"
EndProject
Project("{9A19103F-16F7-4668-BE54-9A1E7A4F7556}") = "DAL", "DAL\DAL.csproj", "{3CA5304E-82DE-47DC-90CF-44D265B84000}"
EndProject
Project("{9A19103F-16F7-4668-BE54-9A1E7A4F7556}") = "EthicAI.test", "EthicAI.test\EthicAI.test.csproj", "{3BAEF8B1-AE95-49C2-8398-9AAA0123D817}"
EndProject
Project("{2150E333-8FDC-42A3-9474-1A3956D46DE8}") = "Itens de Solução", "Itens de Solução", "{2FAA07E1-EC05-4A5E-A971-97BCF0E64689}"
	ProjectSection(SolutionItems) = preProject
		appsettings.Production.json = appsettings.Production.json
		CMD_SUBIR.txt = CMD_SUBIR.txt
		Itens de Solução\n8n\criptoversus-social-x-workflow.json = Itens de Solução\n8n\criptoversus-social-x-workflow.json
		Dockerfile = Dockerfile
		Itens de Solução\n8n\README-social-x.md = Itens de Solução\n8n\README-social-x.md
	EndProjectSection
EndProject
Project("{2150E333-8FDC-42A3-9474-1A3956D46DE8}") = "CriptoVersus.Mcp", "CriptoVersus.Mcp", "{C314B4F2-661A-4AB1-8B67-32B5B505E93A}"
	ProjectSection(SolutionItems) = preProject
		CriptoVersus.Mcp\.env.example = CriptoVersus.Mcp\.env.example
		CriptoVersus.Mcp\DEPLOY_VPS.md = CriptoVersus.Mcp\DEPLOY_VPS.md
		CriptoVersus.Mcp\docker-compose.yml = CriptoVersus.Mcp\docker-compose.yml
		CriptoVersus.Mcp\Dockerfile = CriptoVersus.Mcp\Dockerfile
		CriptoVersus.Mcp\package-lock.json = CriptoVersus.Mcp\package-lock.json
		CriptoVersus.Mcp\package.json = CriptoVersus.Mcp\package.json
		CriptoVersus.Mcp\README.md = CriptoVersus.Mcp\README.md
		CriptoVersus.Mcp\tsconfig.json = CriptoVersus.Mcp\tsconfig.json
	EndProjectSection
EndProject
Project("{2150E333-8FDC-42A3-9474-1A3956D46DE8}") = "src", "src", "{C627A31D-E5DD-4640-9B10-3CCB62F1040A}"
	ProjectSection(SolutionItems) = preProject
		CriptoVersus.Mcp\src\config.ts = CriptoVersus.Mcp\src\config.ts
		CriptoVersus.Mcp\src\index.ts = CriptoVersus.Mcp\src\index.ts
	EndProjectSection
EndProject
Project("{2150E333-8FDC-42A3-9474-1A3956D46DE8}") = "auth", "auth", "{2F0B0D74-C715-4D9C-9637-6A9B33BDEB0C}"
	ProjectSection(SolutionItems) = preProject
		CriptoVersus.Mcp\src\auth\tokenAuth.ts = CriptoVersus.Mcp\src\auth\tokenAuth.ts
		CriptoVersus.Mcp\src\auth\walletAuth.ts = CriptoVersus.Mcp\src\auth\walletAuth.ts
	EndProjectSection
EndProject
Project("{2150E333-8FDC-42A3-9474-1A3956D46DE8}") = "db", "db", "{9E0C9251-1138-4BF3-8E5E-840F8929EC09}"
	ProjectSection(SolutionItems) = preProject
		CriptoVersus.Mcp\src\db\database.ts = CriptoVersus.Mcp\src\db\database.ts
		CriptoVersus.Mcp\src\db\migrations.ts = CriptoVersus.Mcp\src\db\migrations.ts
	EndProjectSection
EndProject
Project("{2150E333-8FDC-42A3-9474-1A3956D46DE8}") = "http", "http", "{D9AB8D28-9E40-4960-A670-05E9E50543D6}"
	ProjectSection(SolutionItems) = preProject
		CriptoVersus.Mcp\src\http\criptoversusClient.ts = CriptoVersus.Mcp\src\http\criptoversusClient.ts
	EndProjectSection
EndProject
Project("{2150E333-8FDC-42A3-9474-1A3956D46DE8}") = "public", "public", "{2647A1E7-C7C7-481E-BF23-E925A6B8CCAE}"
	ProjectSection(SolutionItems) = preProject
		CriptoVersus.Mcp\src\public\app.js = CriptoVersus.Mcp\src\public\app.js
		CriptoVersus.Mcp\src\public\index.html = CriptoVersus.Mcp\src\public\index.html
		CriptoVersus.Mcp\src\public\styles.css = CriptoVersus.Mcp\src\public\styles.css
	EndProjectSection
EndProject
Project("{2150E333-8FDC-42A3-9474-1A3956D46DE8}") = "routes", "routes", "{B877C966-C431-47AF-9F54-FFAA64064D4E}"
	ProjectSection(SolutionItems) = preProject
		CriptoVersus.Mcp\src\routes\authRoutes.ts = CriptoVersus.Mcp\src\routes\authRoutes.ts
		CriptoVersus.Mcp\src\routes\tokenRoutes.ts = CriptoVersus.Mcp\src\routes\tokenRoutes.ts
		CriptoVersus.Mcp\src\routes\webRoutes.ts = CriptoVersus.Mcp\src\routes\webRoutes.ts
	EndProjectSection
EndProject
Project("{2150E333-8FDC-42A3-9474-1A3956D46DE8}") = "tools", "tools", "{A0C8D3E9-ED82-47A2-A239-91D46A9518E0}"
	ProjectSection(SolutionItems) = preProject
		CriptoVersus.Mcp\src\tools\getHotMatches.ts = CriptoVersus.Mcp\src\tools\getHotMatches.ts
		CriptoVersus.Mcp\src\tools\getLiveMatches.ts = CriptoVersus.Mcp\src\tools\getLiveMatches.ts
		CriptoVersus.Mcp\src\tools\getMatchStats.ts = CriptoVersus.Mcp\src\tools\getMatchStats.ts
		CriptoVersus.Mcp\src\tools\getRankings.ts = CriptoVersus.Mcp\src\tools\getRankings.ts
	EndProjectSection
EndProject
Project("{2150E333-8FDC-42A3-9474-1A3956D46DE8}") = "utils", "utils", "{7E99DF48-286D-4D43-9DCF-FEEA6A76F299}"
	ProjectSection(SolutionItems) = preProject
		CriptoVersus.Mcp\src\utils\errors.ts = CriptoVersus.Mcp\src\utils\errors.ts
	EndProjectSection
EndProject
Project("{9A19103F-16F7-4668-BE54-9A1E7A4F7556}") = "CriptoVersus.Web", "CriptoVersus\CriptoVersus.Web.csproj", "{F357F1FE-B6BB-496D-BCBF-391BC75AD835}"
EndProject
Project("{9A19103F-16F7-4668-BE54-9A1E7A4F7556}") = "CriptoVersus.Worker", "CriptoVersus.Worker\CriptoVersus.Worker.csproj", "{BBD9F5F8-1D03-429A-B3D4-1901793C9518}"
EndProject
Project("{9A19103F-16F7-4668-BE54-9A1E7A4F7556}") = "CriptoVersus.API", "CriptoVersus.API\CriptoVersus.API.csproj", "{91E2836A-14FE-414B-A922-975B6B7C16D9}"
EndProject
Project("{9A19103F-16F7-4668-BE54-9A1E7A4F7556}") = "DTOs", "DTOs\DTOs.csproj", "{0569373B-F6E6-4ACE-977F-206591829BEE}"
EndProject
Project("{9A19103F-16F7-4668-BE54-9A1E7A4F7556}") = "CriptoVersus.Tests.Integration", "CriptoVersus.Tests.Integration\CriptoVersus.Tests.Integration.csproj", "{48E59263-26BD-43DF-B798-0B88312E7BA0}"
EndProject
Project("{FAE04EC0-301F-11D3-BF4B-00C04F79EFBC}") = "CriptoVersus.Worker.Tests", "CriptoVersus.Worker.Tests\CriptoVersus.Worker.Tests.csproj", "{2276DC38-E7C2-42B9-A642-277DC0F7C1CC}"
EndProject
Global
	GlobalSection(SolutionConfigurationPlatforms) = preSolution
		Debug|Any CPU = Debug|Any CPU
		Release|Any CPU = Release|Any CPU
	EndGlobalSection
	GlobalSection(ProjectConfigurationPlatforms) = postSolution
		{A5552918-CE00-46BB-B83E-373668C869D0}.Debug|Any CPU.ActiveCfg = Debug|Any CPU
		{A5552918-CE00-46BB-B83E-373668C869D0}.Debug|Any CPU.Build.0 = Debug|Any CPU
		{A5552918-CE00-46BB-B83E-373668C869D0}.Release|Any CPU.ActiveCfg = Release|Any CPU
		{A5552918-CE00-46BB-B83E-373668C869D0}.Release|Any CPU.Build.0 = Release|Any CPU
		{4503A218-1256-4920-B8A9-0CEA571A79ED}.Debug|Any CPU.ActiveCfg = Debug|Any CPU
		{4503A218-1256-4920-B8A9-0CEA571A79ED}.Debug|Any CPU.Build.0 = Debug|Any CPU
		{4503A218-1256-4920-B8A9-0CEA571A79ED}.Release|Any CPU.ActiveCfg = Release|Any CPU
		{4503A218-1256-4920-B8A9-0CEA571A79ED}.Release|Any CPU.Build.0 = Release|Any CPU
		{3CA5304E-82DE-47DC-90CF-44D265B84000}.Debug|Any CPU.ActiveCfg = Debug|Any CPU
		{3CA5304E-82DE-47DC-90CF-44D265B84000}.Debug|Any CPU.Build.0 = Debug|Any CPU
		{3CA5304E-82DE-47DC-90CF-44D265B84000}.Release|Any CPU.ActiveCfg = Release|Any CPU
		{3CA5304E-82DE-47DC-90CF-44D265B84000}.Release|Any CPU.Build.0 = Release|Any CPU
		{3BAEF8B1-AE95-49C2-8398-9AAA0123D817}.Debug|Any CPU.ActiveCfg = Debug|Any CPU
		{3BAEF8B1-AE95-49C2-8398-9AAA0123D817}.Debug|Any CPU.Build.0 = Debug|Any CPU
		{3BAEF8B1-AE95-49C2-8398-9AAA0123D817}.Release|Any CPU.ActiveCfg = Release|Any CPU
		{3BAEF8B1-AE95-49C2-8398-9AAA0123D817}.Release|Any CPU.Build.0 = Release|Any CPU
		{F357F1FE-B6BB-496D-BCBF-391BC75AD835}.Debug|Any CPU.ActiveCfg = Debug|Any CPU
		{F357F1FE-B6BB-496D-BCBF-391BC75AD835}.Debug|Any CPU.Build.0 = Debug|Any CPU
		{F357F1FE-B6BB-496D-BCBF-391BC75AD835}.Release|Any CPU.ActiveCfg = Release|Any CPU
		{F357F1FE-B6BB-496D-BCBF-391BC75AD835}.Release|Any CPU.Build.0 = Release|Any CPU
		{BBD9F5F8-1D03-429A-B3D4-1901793C9518}.Debug|Any CPU.ActiveCfg = Debug|Any CPU
		{BBD9F5F8-1D03-429A-B3D4-1901793C9518}.Debug|Any CPU.Build.0 = Debug|Any CPU
		{BBD9F5F8-1D03-429A-B3D4-1901793C9518}.Release|Any CPU.ActiveCfg = Release|Any CPU
		{BBD9F5F8-1D03-429A-B3D4-1901793C9518}.Release|Any CPU.Build.0 = Release|Any CPU
		{91E2836A-14FE-414B-A922-975B6B7C16D9}.Debug|Any CPU.ActiveCfg = Debug|Any CPU
		{91E2836A-14FE-414B-A922-975B6B7C16D9}.Debug|Any CPU.Build.0 = Debug|Any CPU
		{91E2836A-14FE-414B-A922-975B6B7C16D9}.Release|Any CPU.ActiveCfg = Release|Any CPU
		{91E2836A-14FE-414B-A922-975B6B7C16D9}.Release|Any CPU.Build.0 = Release|Any CPU
		{0569373B-F6E6-4ACE-977F-206591829BEE}.Debug|Any CPU.ActiveCfg = Debug|Any CPU
		{0569373B-F6E6-4ACE-977F-206591829BEE}.Debug|Any CPU.Build.0 = Debug|Any CPU
		{0569373B-F6E6-4ACE-977F-206591829BEE}.Release|Any CPU.ActiveCfg = Release|Any CPU
		{0569373B-F6E6-4ACE-977F-206591829BEE}.Release|Any CPU.Build.0 = Release|Any CPU
		{48E59263-26BD-43DF-B798-0B88312E7BA0}.Debug|Any CPU.ActiveCfg = Debug|Any CPU
		{48E59263-26BD-43DF-B798-0B88312E7BA0}.Debug|Any CPU.Build.0 = Debug|Any CPU
		{48E59263-26BD-43DF-B798-0B88312E7BA0}.Release|Any CPU.ActiveCfg = Release|Any CPU
		{48E59263-26BD-43DF-B798-0B88312E7BA0}.Release|Any CPU.Build.0 = Release|Any CPU
		{2276DC38-E7C2-42B9-A642-277DC0F7C1CC}.Debug|Any CPU.ActiveCfg = Debug|Any CPU
		{2276DC38-E7C2-42B9-A642-277DC0F7C1CC}.Debug|Any CPU.Build.0 = Debug|Any CPU
		{2276DC38-E7C2-42B9-A642-277DC0F7C1CC}.Release|Any CPU.ActiveCfg = Release|Any CPU
		{2276DC38-E7C2-42B9-A642-277DC0F7C1CC}.Release|Any CPU.Build.0 = Release|Any CPU
	EndGlobalSection
	GlobalSection(SolutionProperties) = preSolution
		HideSolutionNode = FALSE
	EndGlobalSection
	GlobalSection(NestedProjects) = preSolution
		{C627A31D-E5DD-4640-9B10-3CCB62F1040A} = {C314B4F2-661A-4AB1-8B67-32B5B505E93A}
		{2F0B0D74-C715-4D9C-9637-6A9B33BDEB0C} = {C627A31D-E5DD-4640-9B10-3CCB62F1040A}
		{9E0C9251-1138-4BF3-8E5E-840F8929EC09} = {C627A31D-E5DD-4640-9B10-3CCB62F1040A}
		{D9AB8D28-9E40-4960-A670-05E9E50543D6} = {C627A31D-E5DD-4640-9B10-3CCB62F1040A}
		{2647A1E7-C7C7-481E-BF23-E925A6B8CCAE} = {C627A31D-E5DD-4640-9B10-3CCB62F1040A}
		{B877C966-C431-47AF-9F54-FFAA64064D4E} = {C627A31D-E5DD-4640-9B10-3CCB62F1040A}
		{A0C8D3E9-ED82-47A2-A239-91D46A9518E0} = {C627A31D-E5DD-4640-9B10-3CCB62F1040A}
		{7E99DF48-286D-4D43-9DCF-FEEA6A76F299} = {C627A31D-E5DD-4640-9B10-3CCB62F1040A}
	EndGlobalSection
	GlobalSection(ExtensibilityGlobals) = postSolution
		SolutionGuid = {F5BC44D3-BB1D-46FC-B586-2C127AF23860}
	EndGlobalSection
EndGlobal
